
Microsoft Visual Studio Solution File, Format Version 12.00
# Visual Studio Version 16
VisualStudioVersion = 16.0.33529.622
MinimumVisualStudioVersion = 10.0.40219.1
Project("{9A19103F-16F7-4668-BE54-9A1E7A4F7556}") = "ProAtividade.API", "ProAtividade.API.csproj", "{6ECEFAF2-2197-4585-BCC4-F8B51E4D4ACC}"
EndProject
Project("{9A19103F-16F7-4668-BE54-9A1E7A4F7556}") = "ProAtividade.Data", "..\ProAtividade.Data\ProAtividade.Data.csproj", "{308FCEDD-09D1-46F4-A93A-EF19ECF57E7F}"
EndProject
Project("{9A19103F-16F7-4668-BE54-9A1E7A4F7556}") = "ProAtividade.Domain", "..\ProAtividade.Domain\ProAtividade.Domain.csproj", "{7607815A-B350-4253-B257-22CEE221541D}"
EndProject
Global
	GlobalSection(SolutionConfigurationPlatforms) = preSolution
		Debug|Any CPU = Debug|Any CPU
		Release|Any CPU = Release|Any CPU
	EndGlobalSection
	GlobalSection(ProjectConfigurationPlatforms) = postSolution
		{6ECEFAF2-2197-4585-BCC4-F8B51E4D4ACC}.Debug|Any CPU.ActiveCfg = Debug|Any CPU
		{6ECEFAF2-2197-4585-BCC4-F8B51E4D4ACC}.Debug|Any CPU.Build.0 = Debug|Any CPU
		{6ECEFAF2-2197-4585-BCC4-F8B51E4D4ACC}.Release|Any CPU.ActiveCfg = Release|Any CPU
		{6ECEFAF2-2197-4585-BCC4-F8B51E4D4ACC}.Release|Any CPU.Build.0 = Release|Any CPU
		{308FCEDD-09D1-46F4-A93A-EF19ECF57E7F}.Debug|Any CPU.ActiveCfg = Debug|Any CPU
		{308FCEDD-09D1-46F4-A93A-EF19ECF57E7F}.Debug|Any CPU.Build.0 = Debug|Any CPU
		{308FCEDD-09D1-46F4-A93A-EF19ECF57E7F}.Release|Any CPU.ActiveCfg = Release|Any CPU
		{308FCEDD-09D1-46F4-A93A-EF19ECF57E7F}.Release|Any CPU.Build.0 = Release|Any CPU
		{7607815A-B350-4253-B257-22CEE221541D}.Debug|Any CPU.ActiveCfg = Debug|Any CPU
		{7607815A-B350-4253-B257-22CEE221541D}.Debug|Any CPU.Build.0 = Debug|Any CPU
		{7607815A-B350-4253-B257-22CEE221541D}.Release|Any CPU.ActiveCfg = Release|Any CPU
		{7607815A-B350-4253-B257-22CEE221541D}.Release|Any CPU.Build.0 = Release|Any CPU
	EndGlobalSection
	GlobalSection(SolutionProperties) = preSolution
		HideSolutionNode = FALSE
	EndGlobalSection
	GlobalSection(ExtensibilityGlobals) = postSolution
		SolutionGuid = {8A84609C-E482-4586-AD25-AFF20D90894A}
	EndGlobalSection
EndGlobal
